
Microsoft Visual Studio Solution File, Format Version 12.00
# Visual Studio Version 16
VisualStudioVersion = 16.0.28803.202
MinimumVisualStudioVersion = 10.0.40219.1
Project("{FAE04EC0-301F-11D3-BF4B-00C04F79EFBC}") = "FioSharp.Secp256k1", "FioSharp.Secp256k1\FioSharp.Secp256k1.csproj", "{0A1A24D7-AE74-4AF4-90E9-437CADF63CB0}"
EndProject
Project("{FAE04EC0-301F-11D3-BF4B-00C04F79EFBC}") = "FioSharp.Secp256k1.UnitTests", "FioSharp.Secp256k1.UnitTests\FioSharp.Secp256k1.UnitTests.csproj", "{4830239A-A85F-4CF4-8A69-768FA24DB2AD}"
EndProject
Project("{FAE04EC0-301F-11D3-BF4B-00C04F79EFBC}") = "FioSharp", "FioSharp\FioSharp.csproj", "{F5A1E659-1783-4185-938C-AD5123C34E61}"
EndProject
Project("{FAE04EC0-301F-11D3-BF4B-00C04F79EFBC}") = "FioSharp.Core", "FioSharp.Core\FioSharp.Core.csproj", "{1343F571-8C1D-4BB8-9D6C-B2D5EC470B8D}"
EndProject
Project("{FAE04EC0-301F-11D3-BF4B-00C04F79EFBC}") = "FioSharp.Unity3D", "FioSharp.Unity3D\FioSharp.Unity3D.csproj", "{2A56DF2D-C2F0-4471-88C4-6DDFC88A79A2}"
EndProject
Project("{FAE04EC0-301F-11D3-BF4B-00C04F79EFBC}") = "FioSharp.Tests", "FioSharp.Tests\FioSharp.Tests.csproj", "{28F6B979-CC68-4EDE-8B44-0B5D5F16A096}"
EndProject
Project("{FAE04EC0-301F-11D3-BF4B-00C04F79EFBC}") = "FioSharp.Tests.Core", "FioSharp.Tests.Core\FioSharp.Tests.Core.csproj", "{5A5F0E7E-1973-4091-9937-E92DA5A0D0B8}"
EndProject
Project("{FAE04EC0-301F-11D3-BF4B-00C04F79EFBC}") = "FioSharp.Tests.Unity3D", "FioSharp.Tests.Unity3D\FioSharp.Tests.Unity3D.csproj", "{3A4B50DA-F567-4636-8F41-65B3014DD891}"
EndProject
Global
	GlobalSection(SolutionConfigurationPlatforms) = preSolution
		Debug|Any CPU = Debug|Any CPU
		Release|Any CPU = Release|Any CPU
	EndGlobalSection
	GlobalSection(ProjectConfigurationPlatforms) = postSolution
		{0A1A24D7-AE74-4AF4-90E9-437CADF63CB0}.Debug|Any CPU.ActiveCfg = Debug|Any CPU
		{0A1A24D7-AE74-4AF4-90E9-437CADF63CB0}.Debug|Any CPU.Build.0 = Debug|Any CPU
		{0A1A24D7-AE74-4AF4-90E9-437CADF63CB0}.Release|Any CPU.ActiveCfg = Release|Any CPU
		{0A1A24D7-AE74-4AF4-90E9-437CADF63CB0}.Release|Any CPU.Build.0 = Release|Any CPU
		{4830239A-A85F-4CF4-8A69-768FA24DB2AD}.Debug|Any CPU.ActiveCfg = Debug|Any CPU
		{4830239A-A85F-4CF4-8A69-768FA24DB2AD}.Debug|Any CPU.Build.0 = Debug|Any CPU
		{4830239A-A85F-4CF4-8A69-768FA24DB2AD}.Release|Any CPU.ActiveCfg = Release|Any CPU
		{4830239A-A85F-4CF4-8A69-768FA24DB2AD}.Release|Any CPU.Build.0 = Release|Any CPU
		{F5A1E659-1783-4185-938C-AD5123C34E61}.Debug|Any CPU.ActiveCfg = Debug|Any CPU
		{F5A1E659-1783-4185-938C-AD5123C34E61}.Debug|Any CPU.Build.0 = Debug|Any CPU
		{F5A1E659-1783-4185-938C-AD5123C34E61}.Release|Any CPU.ActiveCfg = Release|Any CPU
		{F5A1E659-1783-4185-938C-AD5123C34E61}.Release|Any CPU.Build.0 = Release|Any CPU
		{1343F571-8C1D-4BB8-9D6C-B2D5EC470B8D}.Debug|Any CPU.ActiveCfg = Debug|Any CPU
		{1343F571-8C1D-4BB8-9D6C-B2D5EC470B8D}.Debug|Any CPU.Build.0 = Debug|Any CPU
		{1343F571-8C1D-4BB8-9D6C-B2D5EC470B8D}.Release|Any CPU.ActiveCfg = Release|Any CPU
		{1343F571-8C1D-4BB8-9D6C-B2D5EC470B8D}.Release|Any CPU.Build.0 = Release|Any CPU
		{2A56DF2D-C2F0-4471-88C4-6DDFC88A79A2}.Debug|Any CPU.ActiveCfg = Debug|Any CPU
		{2A56DF2D-C2F0-4471-88C4-6DDFC88A79A2}.Debug|Any CPU.Build.0 = Debug|Any CPU
		{2A56DF2D-C2F0-4471-88C4-6DDFC88A79A2}.Release|Any CPU.ActiveCfg = Release|Any CPU
		{2A56DF2D-C2F0-4471-88C4-6DDFC88A79A2}.Release|Any CPU.Build.0 = Release|Any CPU
		{28F6B979-CC68-4EDE-8B44-0B5D5F16A096}.Debug|Any CPU.ActiveCfg = Debug|Any CPU
		{28F6B979-CC68-4EDE-8B44-0B5D5F16A096}.Debug|Any CPU.Build.0 = Debug|Any CPU
		{28F6B979-CC68-4EDE-8B44-0B5D5F16A096}.Release|Any CPU.ActiveCfg = Release|Any CPU
		{28F6B979-CC68-4EDE-8B44-0B5D5F16A096}.Release|Any CPU.Build.0 = Release|Any CPU
		{5A5F0E7E-1973-4091-9937-E92DA5A0D0B8}.Debug|Any CPU.ActiveCfg = Debug|Any CPU
		{5A5F0E7E-1973-4091-9937-E92DA5A0D0B8}.Debug|Any CPU.Build.0 = Debug|Any CPU
		{5A5F0E7E-1973-4091-9937-E92DA5A0D0B8}.Release|Any CPU.ActiveCfg = Release|Any CPU
		{5A5F0E7E-1973-4091-9937-E92DA5A0D0B8}.Release|Any CPU.Build.0 = Release|Any CPU
		{3A4B50DA-F567-4636-8F41-65B3014DD891}.Debug|Any CPU.ActiveCfg = Debug|Any CPU
		{3A4B50DA-F567-4636-8F41-65B3014DD891}.Debug|Any CPU.Build.0 = Debug|Any CPU
		{3A4B50DA-F567-4636-8F41-65B3014DD891}.Release|Any CPU.ActiveCfg = Release|Any CPU
		{3A4B50DA-F567-4636-8F41-65B3014DD891}.Release|Any CPU.Build.0 = Release|Any CPU
	EndGlobalSection
	GlobalSection(SolutionProperties) = preSolution
		HideSolutionNode = FALSE
	EndGlobalSection
	GlobalSection(ExtensibilityGlobals) = postSolution
		SolutionGuid = {C51E9EF5-EF8A-4B8D-A434-E1B6C05A89AD}
	EndGlobalSection
	GlobalSection(MonoDevelopProperties) = preSolution
		version = 1.0.3
	EndGlobalSection
EndGlobal
